{
  "name": "pub",
  "lockfileVersion": 2,
  "requires": true,
  "packages": {
    "": {
      "license": "ISC",
      "dependencies": {
        "pareto-core-internals": "^0.13.0",
        "res-pareto-collation": "^0.19.2"
      }
    },
    "node_modules/glo-pareto-common": {
      "version": "0.12.2",
      "resolved": "https://registry.npmjs.org/glo-pareto-common/-/glo-pareto-common-0.12.2.tgz",
      "integrity": "sha512-MJzyoVTBA0AGJvDXdlhlZVTD0FVitJIb0k20aOd+nh3Xv2Fg+wljVdluHvE+agjhoRTiTyaJYgKIV1q+yBx+Tg==",
      "dependencies": {
        "pareto-core-types": "^0.12.0"
      }
    },
    "node_modules/pareto-core-internals": {
      "version": "0.13.0",
      "resolved": "https://registry.npmjs.org/pareto-core-internals/-/pareto-core-internals-0.13.0.tgz",
      "integrity": "sha512-Yb9SVAb3G7H1EZBTxyA1VWuf5bGYd5hMccgklqkvlaavQab6w7PiMvzUY0Wzj1pExFAYe2rtm8IQ2uSBHAyS0g==",
      "dependencies": {
        "pareto-core-types": "^0.12.0"
      }
    },
    "node_modules/pareto-core-types": {
      "version": "0.12.0",
      "resolved": "https://registry.npmjs.org/pareto-core-types/-/pareto-core-types-0.12.0.tgz",
      "integrity": "sha512-cxQ3sI0kJby0o1xM6C6lMl2VFrK1cTTjMF3sSEKW9i3S1xJEnmXybh1oE4+tdIsQmQysDAGOZ0Awi/gzzjnJHw=="
    },
    "node_modules/res-pareto-collation": {
      "version": "0.19.2",
      "resolved": "https://registry.npmjs.org/res-pareto-collation/-/res-pareto-collation-0.19.2.tgz",
      "integrity": "sha512-pHr5VrJNcv4/8MLgSL8kC5xbOk1HPFpgswd/CihRT03NQb+5WEdJMeLrrHPH3euJk6Ku0p80DgVdZvvAfUbHRQ==",
      "dependencies": {
        "glo-pareto-common": "^0.12.2",
        "pareto-core-internals": "^0.13.0"
      }
    }
  },
  "dependencies": {
    "glo-pareto-common": {
      "version": "0.12.2",
      "resolved": "https://registry.npmjs.org/glo-pareto-common/-/glo-pareto-common-0.12.2.tgz",
      "integrity": "sha512-MJzyoVTBA0AGJvDXdlhlZVTD0FVitJIb0k20aOd+nh3Xv2Fg+wljVdluHvE+agjhoRTiTyaJYgKIV1q+yBx+Tg==",
      "requires": {
        "pareto-core-types": "^0.12.0"
      }
    },
    "pareto-core-internals": {
      "version": "0.13.0",
      "resolved": "https://registry.npmjs.org/pareto-core-internals/-/pareto-core-internals-0.13.0.tgz",
      "integrity": "sha512-Yb9SVAb3G7H1EZBTxyA1VWuf5bGYd5hMccgklqkvlaavQab6w7PiMvzUY0Wzj1pExFAYe2rtm8IQ2uSBHAyS0g==",
      "requires": {
        "pareto-core-types": "^0.12.0"
      }
    },
    "pareto-core-types": {
      "version": "0.12.0",
      "resolved": "https://registry.npmjs.org/pareto-core-types/-/pareto-core-types-0.12.0.tgz",
      "integrity": "sha512-cxQ3sI0kJby0o1xM6C6lMl2VFrK1cTTjMF3sSEKW9i3S1xJEnmXybh1oE4+tdIsQmQysDAGOZ0Awi/gzzjnJHw=="
    },
    "res-pareto-collation": {
      "version": "0.19.2",
      "resolved": "https://registry.npmjs.org/res-pareto-collation/-/res-pareto-collation-0.19.2.tgz",
      "integrity": "sha512-pHr5VrJNcv4/8MLgSL8kC5xbOk1HPFpgswd/CihRT03NQb+5WEdJMeLrrHPH3euJk6Ku0p80DgVdZvvAfUbHRQ==",
      "requires": {
        "glo-pareto-common": "^0.12.2",
        "pareto-core-internals": "^0.13.0"
      }
    }
  }
}
