{
  "name": "pub",
  "lockfileVersion": 2,
  "requires": true,
  "packages": {
    "": {
      "license": "TBD",
      "dependencies": {
        "pareto-core-internals": "^0.19.0",
        "res-pareto-collation": "^0.36.0"
      }
    },
    "node_modules/glo-pareto-common": {
      "version": "0.30.0",
      "resolved": "https://registry.npmjs.org/glo-pareto-common/-/glo-pareto-common-0.30.0.tgz",
      "integrity": "sha512-Bkfawb0HeCQAVrL26Jv9qmF0zyDUGeU4h1qf2Yn5nY0u5zRIQgZFfjCkhSrSuquUAEU/GzAl5NSaUOKSLOU9lw==",
      "dependencies": {
        "pareto-core-types": "^0.15.0"
      }
    },
    "node_modules/pareto-core-internals": {
      "version": "0.19.0",
      "resolved": "https://registry.npmjs.org/pareto-core-internals/-/pareto-core-internals-0.19.0.tgz",
      "integrity": "sha512-ZHqiqxREUOMEn5gJWOr1e8L6ua+VR+6gVtErIxB8rb8WfXKsg4Bqg9/bp+7iT/C8gdcCnt1gLUV05ucV2LFK8A==",
      "dependencies": {
        "pareto-core-types": "^0.15.0"
      }
    },
    "node_modules/pareto-core-types": {
      "version": "0.15.0",
      "resolved": "https://registry.npmjs.org/pareto-core-types/-/pareto-core-types-0.15.0.tgz",
      "integrity": "sha512-tCoi3v3ldM8haCziXI5cp3Kvn1nj4DTXhCVw1PlPyAz0zjXx05H0k5OGCOChGmObVdU2rVJKHE90S4wngNNU5Q=="
    },
    "node_modules/res-pareto-collation": {
      "version": "0.36.0",
      "resolved": "https://registry.npmjs.org/res-pareto-collation/-/res-pareto-collation-0.36.0.tgz",
      "integrity": "sha512-GT18sFOTJzw/bcbGdx2JmgH3gzDn8ZUBOBJIIjmI9OKK52SC2MXGm+55xf5QrlqczFexuFsHLkpTQcLzpvMg2Q==",
      "dependencies": {
        "glo-pareto-common": "^0.30.0",
        "pareto-core-internals": "^0.17.0"
      }
    },
    "node_modules/res-pareto-collation/node_modules/pareto-core-internals": {
      "version": "0.17.3",
      "resolved": "https://registry.npmjs.org/pareto-core-internals/-/pareto-core-internals-0.17.3.tgz",
      "integrity": "sha512-qe4NOO2qJAZMxselC26mpM0N9XTA0NNbm6GOtOeX62VmxU85DYlwpPeYvkggkqNvmZJGATUYOSXRTrl+Y16Nyg==",
      "dependencies": {
        "pareto-core-types": "^0.15.0"
      }
    }
  },
  "dependencies": {
    "glo-pareto-common": {
      "version": "0.30.0",
      "resolved": "https://registry.npmjs.org/glo-pareto-common/-/glo-pareto-common-0.30.0.tgz",
      "integrity": "sha512-Bkfawb0HeCQAVrL26Jv9qmF0zyDUGeU4h1qf2Yn5nY0u5zRIQgZFfjCkhSrSuquUAEU/GzAl5NSaUOKSLOU9lw==",
      "requires": {
        "pareto-core-types": "^0.15.0"
      }
    },
    "pareto-core-internals": {
      "version": "0.19.0",
      "resolved": "https://registry.npmjs.org/pareto-core-internals/-/pareto-core-internals-0.19.0.tgz",
      "integrity": "sha512-ZHqiqxREUOMEn5gJWOr1e8L6ua+VR+6gVtErIxB8rb8WfXKsg4Bqg9/bp+7iT/C8gdcCnt1gLUV05ucV2LFK8A==",
      "requires": {
        "pareto-core-types": "^0.15.0"
      }
    },
    "pareto-core-types": {
      "version": "0.15.0",
      "resolved": "https://registry.npmjs.org/pareto-core-types/-/pareto-core-types-0.15.0.tgz",
      "integrity": "sha512-tCoi3v3ldM8haCziXI5cp3Kvn1nj4DTXhCVw1PlPyAz0zjXx05H0k5OGCOChGmObVdU2rVJKHE90S4wngNNU5Q=="
    },
    "res-pareto-collation": {
      "version": "0.36.0",
      "resolved": "https://registry.npmjs.org/res-pareto-collation/-/res-pareto-collation-0.36.0.tgz",
      "integrity": "sha512-GT18sFOTJzw/bcbGdx2JmgH3gzDn8ZUBOBJIIjmI9OKK52SC2MXGm+55xf5QrlqczFexuFsHLkpTQcLzpvMg2Q==",
      "requires": {
        "glo-pareto-common": "^0.30.0",
        "pareto-core-internals": "^0.17.0"
      },
      "dependencies": {
        "pareto-core-internals": {
          "version": "0.17.3",
          "resolved": "https://registry.npmjs.org/pareto-core-internals/-/pareto-core-internals-0.17.3.tgz",
          "integrity": "sha512-qe4NOO2qJAZMxselC26mpM0N9XTA0NNbm6GOtOeX62VmxU85DYlwpPeYvkggkqNvmZJGATUYOSXRTrl+Y16Nyg==",
          "requires": {
            "pareto-core-types": "^0.15.0"
          }
        }
      }
    }
  }
}
